// !$*UTF8*$!
{
	archiveVersion = 1;
	classes = {
	};
	objectVersion = 56;
	objects = {

/* Begin PBXBuildFile section */
		7D07ADE32BE1262B004BCC57 /* SportsAppTests.swift in Sources */ = {isa = PBXBuildFile; fileRef = 7D07ADE22BE1262B004BCC57 /* SportsAppTests.swift */; };
		7D07ADEE2BE18367004BCC57 /* APIServiceTest.swift in Sources */ = {isa = PBXBuildFile; fileRef = 7D07ADED2BE18367004BCC57 /* APIServiceTest.swift */; };
		7D07ADF12BE19254004BCC57 /* MockNetworkServices.swift in Sources */ = {isa = PBXBuildFile; fileRef = 7D07ADF02BE19254004BCC57 /* MockNetworkServices.swift */; };
		7D07ADF32BE193EA004BCC57 /* MockNetworkServicesTest.swift in Sources */ = {isa = PBXBuildFile; fileRef = 7D07ADF22BE193EA004BCC57 /* MockNetworkServicesTest.swift */; };
		7D50D4742BDBB19A0098ACC3 /* LeagueDetailsCollectionViewController.swift in Sources */ = {isa = PBXBuildFile; fileRef = 7D50D4732BDBB19A0098ACC3 /* LeagueDetailsCollectionViewController.swift */; };
		7D50D4772BDBB1D30098ACC3 /* LeagueDetailsCollectionViewCell.swift in Sources */ = {isa = PBXBuildFile; fileRef = 7D50D4752BDBB1D30098ACC3 /* LeagueDetailsCollectionViewCell.swift */; };
		7D50D4782BDBB1D30098ACC3 /* LeagueDetailsCollectionViewCell.xib in Resources */ = {isa = PBXBuildFile; fileRef = 7D50D4762BDBB1D30098ACC3 /* LeagueDetailsCollectionViewCell.xib */; };
		7D5D2C522BDA63A30068E0A6 /* APIService.swift in Sources */ = {isa = PBXBuildFile; fileRef = 7D5D2C512BDA63A30068E0A6 /* APIService.swift */; };
		7D5D2C552BDA659E0068E0A6 /* LeagueView.swift in Sources */ = {isa = PBXBuildFile; fileRef = 7D5D2C542BDA659E0068E0A6 /* LeagueView.swift */; };
		7D5D2C572BDA65CC0068E0A6 /* LeaguePresenter.swift in Sources */ = {isa = PBXBuildFile; fileRef = 7D5D2C562BDA65CC0068E0A6 /* LeaguePresenter.swift */; };
		7D848A922BD858BF006BF588 /* FavoriteTableViewController.swift in Sources */ = {isa = PBXBuildFile; fileRef = 7D848A912BD858BF006BF588 /* FavoriteTableViewController.swift */; };
		7DAF35B02BD7F765007E18C1 /* AppDelegate.swift in Sources */ = {isa = PBXBuildFile; fileRef = 7DAF35AF2BD7F765007E18C1 /* AppDelegate.swift */; };
		7DAF35B22BD7F765007E18C1 /* SceneDelegate.swift in Sources */ = {isa = PBXBuildFile; fileRef = 7DAF35B12BD7F765007E18C1 /* SceneDelegate.swift */; };
		7DAF35B42BD7F765007E18C1 /* ViewController.swift in Sources */ = {isa = PBXBuildFile; fileRef = 7DAF35B32BD7F765007E18C1 /* ViewController.swift */; };
		7DAF35B72BD7F765007E18C1 /* Main.storyboard in Resources */ = {isa = PBXBuildFile; fileRef = 7DAF35B52BD7F765007E18C1 /* Main.storyboard */; };
		7DAF35BA2BD7F765007E18C1 /* SportsApp.xcdatamodeld in Sources */ = {isa = PBXBuildFile; fileRef = 7DAF35B82BD7F765007E18C1 /* SportsApp.xcdatamodeld */; };
		7DAF35BC2BD7F767007E18C1 /* Assets.xcassets in Resources */ = {isa = PBXBuildFile; fileRef = 7DAF35BB2BD7F767007E18C1 /* Assets.xcassets */; };
		7DAF35BF2BD7F767007E18C1 /* LaunchScreen.storyboard in Resources */ = {isa = PBXBuildFile; fileRef = 7DAF35BD2BD7F767007E18C1 /* LaunchScreen.storyboard */; };
		7DAF35C72BD7FCFA007E18C1 /* SportsCollectionViewCell.swift in Sources */ = {isa = PBXBuildFile; fileRef = 7DAF35C62BD7FCFA007E18C1 /* SportsCollectionViewCell.swift */; };
		7DAF35C92BD7FDC2007E18C1 /* SportsViewController.swift in Sources */ = {isa = PBXBuildFile; fileRef = 7DAF35C82BD7FDC2007E18C1 /* SportsViewController.swift */; };
		7DAF35CD2BD81F55007E18C1 /* LeaguesTableViewController.swift in Sources */ = {isa = PBXBuildFile; fileRef = 7DAF35CC2BD81F55007E18C1 /* LeaguesTableViewController.swift */; };
		7DAF35CF2BD831F5007E18C1 /* League.swift in Sources */ = {isa = PBXBuildFile; fileRef = 7DAF35CE2BD831F5007E18C1 /* League.swift */; };
		7DAF60192BDD23FF00D6FAD3 /* TeamDetailsPresenter.swift in Sources */ = {isa = PBXBuildFile; fileRef = 7DAF60182BDD23FF00D6FAD3 /* TeamDetailsPresenter.swift */; };
		7DAF601B2BDD241C00D6FAD3 /* TeamDetailsView.swift in Sources */ = {isa = PBXBuildFile; fileRef = 7DAF601A2BDD241C00D6FAD3 /* TeamDetailsView.swift */; };
		7DAF601D2BDD247400D6FAD3 /* Team.swift in Sources */ = {isa = PBXBuildFile; fileRef = 7DAF601C2BDD247400D6FAD3 /* Team.swift */; };
		7DAF601F2BDD2B3C00D6FAD3 /* TeamsTableViewController.swift in Sources */ = {isa = PBXBuildFile; fileRef = 7DAF601E2BDD2B3C00D6FAD3 /* TeamsTableViewController.swift */; };
		7DAF60212BDD513200D6FAD3 /* TeamDetailsViewController.swift in Sources */ = {isa = PBXBuildFile; fileRef = 7DAF60202BDD513200D6FAD3 /* TeamDetailsViewController.swift */; };
		7DD98D9C2BDE88420019611C /* FavoritePresenter.swift in Sources */ = {isa = PBXBuildFile; fileRef = 7DD98D9B2BDE88420019611C /* FavoritePresenter.swift */; };
		7DD98D9E2BDE88A80019611C /* FavoriteViewProtocol.swift in Sources */ = {isa = PBXBuildFile; fileRef = 7DD98D9D2BDE88A80019611C /* FavoriteViewProtocol.swift */; };
		D42CEC562BDBD86B00DB64AC /* LeagueDetails.swift in Sources */ = {isa = PBXBuildFile; fileRef = D42CEC552BDBD86B00DB64AC /* LeagueDetails.swift */; };
		D42CEC592BDBF42A00DB64AC /* LeagueDetailView.swift in Sources */ = {isa = PBXBuildFile; fileRef = D42CEC582BDBF42A00DB64AC /* LeagueDetailView.swift */; };
		D42CEC5B2BDBF43700DB64AC /* LeagueDetailPresenter.swift in Sources */ = {isa = PBXBuildFile; fileRef = D42CEC5A2BDBF43700DB64AC /* LeagueDetailPresenter.swift */; };
		D47FEE4B2BE155BB0053955C /* SectionHeader.swift in Sources */ = {isa = PBXBuildFile; fileRef = D47FEE4A2BE155BB0053955C /* SectionHeader.swift */; };
		D4EC3D412BD92CB300C9331B /* FavoriteCoreData.swift in Sources */ = {isa = PBXBuildFile; fileRef = D4EC3D402BD92CB300C9331B /* FavoriteCoreData.swift */; };
		E388C7E1C83158A0D7A3AB00 /* Pods_SportsApp.framework in Frameworks */ = {isa = PBXBuildFile; fileRef = A0A0879C3DF7192FDE86FBCA /* Pods_SportsApp.framework */; };
/* End PBXBuildFile section */

/* Begin PBXContainerItemProxy section */
		7D07ADE42BE1262B004BCC57 /* PBXContainerItemProxy */ = {
			isa = PBXContainerItemProxy;
			containerPortal = 7DAF35A42BD7F765007E18C1 /* Project object */;
			proxyType = 1;
			remoteGlobalIDString = 7DAF35AB2BD7F765007E18C1;
			remoteInfo = SportsApp;
		};
/* End PBXContainerItemProxy section */

/* Begin PBXFileReference section */
		0A4A23199319494A494B34DF /* Pods-SportsApp.release.xcconfig */ = {isa = PBXFileReference; includeInIndex = 1; lastKnownFileType = text.xcconfig; name = "Pods-SportsApp.release.xcconfig"; path = "Target Support Files/Pods-SportsApp/Pods-SportsApp.release.xcconfig"; sourceTree = "<group>"; };
		7D07ADE02BE1262B004BCC57 /* SportsAppTests.xctest */ = {isa = PBXFileReference; explicitFileType = wrapper.cfbundle; includeInIndex = 0; path = SportsAppTests.xctest; sourceTree = BUILT_PRODUCTS_DIR; };
		7D07ADE22BE1262B004BCC57 /* SportsAppTests.swift */ = {isa = PBXFileReference; lastKnownFileType = sourcecode.swift; path = SportsAppTests.swift; sourceTree = "<group>"; };
		7D07ADED2BE18367004BCC57 /* APIServiceTest.swift */ = {isa = PBXFileReference; lastKnownFileType = sourcecode.swift; path = APIServiceTest.swift; sourceTree = "<group>"; };
		7D07ADF02BE19254004BCC57 /* MockNetworkServices.swift */ = {isa = PBXFileReference; lastKnownFileType = sourcecode.swift; path = MockNetworkServices.swift; sourceTree = "<group>"; };
		7D07ADF22BE193EA004BCC57 /* MockNetworkServicesTest.swift */ = {isa = PBXFileReference; lastKnownFileType = sourcecode.swift; name = MockNetworkServicesTest.swift; path = Network/MockNetworkServicesTest.swift; sourceTree = "<group>"; };
		7D50D4732BDBB19A0098ACC3 /* LeagueDetailsCollectionViewController.swift */ = {isa = PBXFileReference; lastKnownFileType = sourcecode.swift; path = LeagueDetailsCollectionViewController.swift; sourceTree = "<group>"; wrapsLines = 0; };
		7D50D4752BDBB1D30098ACC3 /* LeagueDetailsCollectionViewCell.swift */ = {isa = PBXFileReference; lastKnownFileType = sourcecode.swift; path = LeagueDetailsCollectionViewCell.swift; sourceTree = "<group>"; };
		7D50D4762BDBB1D30098ACC3 /* LeagueDetailsCollectionViewCell.xib */ = {isa = PBXFileReference; lastKnownFileType = file.xib; path = LeagueDetailsCollectionViewCell.xib; sourceTree = "<group>"; };
		7D5D2C512BDA63A30068E0A6 /* APIService.swift */ = {isa = PBXFileReference; lastKnownFileType = sourcecode.swift; path = APIService.swift; sourceTree = "<group>"; };
		7D5D2C542BDA659E0068E0A6 /* LeagueView.swift */ = {isa = PBXFileReference; lastKnownFileType = sourcecode.swift; path = LeagueView.swift; sourceTree = "<group>"; };
		7D5D2C562BDA65CC0068E0A6 /* LeaguePresenter.swift */ = {isa = PBXFileReference; lastKnownFileType = sourcecode.swift; path = LeaguePresenter.swift; sourceTree = "<group>"; };
		7D848A912BD858BF006BF588 /* FavoriteTableViewController.swift */ = {isa = PBXFileReference; lastKnownFileType = sourcecode.swift; path = FavoriteTableViewController.swift; sourceTree = "<group>"; };
		7DAF35AC2BD7F765007E18C1 /* SportsApp.app */ = {isa = PBXFileReference; explicitFileType = wrapper.application; includeInIndex = 0; path = SportsApp.app; sourceTree = BUILT_PRODUCTS_DIR; };
		7DAF35AF2BD7F765007E18C1 /* AppDelegate.swift */ = {isa = PBXFileReference; lastKnownFileType = sourcecode.swift; path = AppDelegate.swift; sourceTree = "<group>"; };
		7DAF35B12BD7F765007E18C1 /* SceneDelegate.swift */ = {isa = PBXFileReference; lastKnownFileType = sourcecode.swift; path = SceneDelegate.swift; sourceTree = "<group>"; };
		7DAF35B32BD7F765007E18C1 /* ViewController.swift */ = {isa = PBXFileReference; lastKnownFileType = sourcecode.swift; path = ViewController.swift; sourceTree = "<group>"; };
		7DAF35B62BD7F765007E18C1 /* Base */ = {isa = PBXFileReference; lastKnownFileType = file.storyboard; name = Base; path = Base.lproj/Main.storyboard; sourceTree = "<group>"; };
		7DAF35B92BD7F765007E18C1 /* SportsApp.xcdatamodel */ = {isa = PBXFileReference; lastKnownFileType = wrapper.xcdatamodel; path = SportsApp.xcdatamodel; sourceTree = "<group>"; };
		7DAF35BB2BD7F767007E18C1 /* Assets.xcassets */ = {isa = PBXFileReference; lastKnownFileType = folder.assetcatalog; path = Assets.xcassets; sourceTree = "<group>"; };
		7DAF35BE2BD7F767007E18C1 /* Base */ = {isa = PBXFileReference; lastKnownFileType = file.storyboard; name = Base; path = Base.lproj/LaunchScreen.storyboard; sourceTree = "<group>"; };
		7DAF35C02BD7F767007E18C1 /* Info.plist */ = {isa = PBXFileReference; lastKnownFileType = text.plist.xml; path = Info.plist; sourceTree = "<group>"; };
		7DAF35C62BD7FCFA007E18C1 /* SportsCollectionViewCell.swift */ = {isa = PBXFileReference; lastKnownFileType = sourcecode.swift; path = SportsCollectionViewCell.swift; sourceTree = "<group>"; };
		7DAF35C82BD7FDC2007E18C1 /* SportsViewController.swift */ = {isa = PBXFileReference; lastKnownFileType = sourcecode.swift; path = SportsViewController.swift; sourceTree = "<group>"; };
		7DAF35CC2BD81F55007E18C1 /* LeaguesTableViewController.swift */ = {isa = PBXFileReference; lastKnownFileType = sourcecode.swift; path = LeaguesTableViewController.swift; sourceTree = "<group>"; };
		7DAF35CE2BD831F5007E18C1 /* League.swift */ = {isa = PBXFileReference; lastKnownFileType = sourcecode.swift; path = League.swift; sourceTree = "<group>"; };
		7DAF60182BDD23FF00D6FAD3 /* TeamDetailsPresenter.swift */ = {isa = PBXFileReference; lastKnownFileType = sourcecode.swift; path = TeamDetailsPresenter.swift; sourceTree = "<group>"; };
		7DAF601A2BDD241C00D6FAD3 /* TeamDetailsView.swift */ = {isa = PBXFileReference; lastKnownFileType = sourcecode.swift; path = TeamDetailsView.swift; sourceTree = "<group>"; };
		7DAF601C2BDD247400D6FAD3 /* Team.swift */ = {isa = PBXFileReference; lastKnownFileType = sourcecode.swift; path = Team.swift; sourceTree = "<group>"; };
		7DAF601E2BDD2B3C00D6FAD3 /* TeamsTableViewController.swift */ = {isa = PBXFileReference; lastKnownFileType = sourcecode.swift; path = TeamsTableViewController.swift; sourceTree = "<group>"; };
		7DAF60202BDD513200D6FAD3 /* TeamDetailsViewController.swift */ = {isa = PBXFileReference; lastKnownFileType = sourcecode.swift; path = TeamDetailsViewController.swift; sourceTree = "<group>"; };
		7DD98D9B2BDE88420019611C /* FavoritePresenter.swift */ = {isa = PBXFileReference; lastKnownFileType = sourcecode.swift; path = FavoritePresenter.swift; sourceTree = "<group>"; };
		7DD98D9D2BDE88A80019611C /* FavoriteViewProtocol.swift */ = {isa = PBXFileReference; lastKnownFileType = sourcecode.swift; path = FavoriteViewProtocol.swift; sourceTree = "<group>"; };
		8645BB3EC9E2E6690EEB6B75 /* Pods-SportsApp.debug.xcconfig */ = {isa = PBXFileReference; includeInIndex = 1; lastKnownFileType = text.xcconfig; name = "Pods-SportsApp.debug.xcconfig"; path = "Target Support Files/Pods-SportsApp/Pods-SportsApp.debug.xcconfig"; sourceTree = "<group>"; };
		A0A0879C3DF7192FDE86FBCA /* Pods_SportsApp.framework */ = {isa = PBXFileReference; explicitFileType = wrapper.framework; includeInIndex = 0; path = Pods_SportsApp.framework; sourceTree = BUILT_PRODUCTS_DIR; };
		D42CEC552BDBD86B00DB64AC /* LeagueDetails.swift */ = {isa = PBXFileReference; lastKnownFileType = sourcecode.swift; path = LeagueDetails.swift; sourceTree = "<group>"; };
		D42CEC582BDBF42A00DB64AC /* LeagueDetailView.swift */ = {isa = PBXFileReference; lastKnownFileType = sourcecode.swift; path = LeagueDetailView.swift; sourceTree = "<group>"; };
		D42CEC5A2BDBF43700DB64AC /* LeagueDetailPresenter.swift */ = {isa = PBXFileReference; lastKnownFileType = sourcecode.swift; path = LeagueDetailPresenter.swift; sourceTree = "<group>"; };
		D47FEE4A2BE155BB0053955C /* SectionHeader.swift */ = {isa = PBXFileReference; lastKnownFileType = sourcecode.swift; path = SectionHeader.swift; sourceTree = "<group>"; };
		D4EC3D402BD92CB300C9331B /* FavoriteCoreData.swift */ = {isa = PBXFileReference; lastKnownFileType = sourcecode.swift; path = FavoriteCoreData.swift; sourceTree = "<group>"; };
/* End PBXFileReference section */

/* Begin PBXFrameworksBuildPhase section */
		7D07ADDD2BE1262B004BCC57 /* Frameworks */ = {
			isa = PBXFrameworksBuildPhase;
			buildActionMask = 2147483647;
			files = (
			);
			runOnlyForDeploymentPostprocessing = 0;
		};
		7DAF35A92BD7F765007E18C1 /* Frameworks */ = {
			isa = PBXFrameworksBuildPhase;
			buildActionMask = 2147483647;
			files = (
				E388C7E1C83158A0D7A3AB00 /* Pods_SportsApp.framework in Frameworks */,
			);
			runOnlyForDeploymentPostprocessing = 0;
		};
/* End PBXFrameworksBuildPhase section */

/* Begin PBXGroup section */
		0786B0D88ACC70FB63425067 /* Pods */ = {
			isa = PBXGroup;
			children = (
				8645BB3EC9E2E6690EEB6B75 /* Pods-SportsApp.debug.xcconfig */,
				0A4A23199319494A494B34DF /* Pods-SportsApp.release.xcconfig */,
			);
			path = Pods;
			sourceTree = "<group>";
		};
		7D07ADE12BE1262B004BCC57 /* SportsAppTests */ = {
			isa = PBXGroup;
			children = (
				7D07ADF22BE193EA004BCC57 /* MockNetworkServicesTest.swift */,
				7D07ADEF2BE1922D004BCC57 /* Network */,
				7D07ADED2BE18367004BCC57 /* APIServiceTest.swift */,
				7D07ADE22BE1262B004BCC57 /* SportsAppTests.swift */,
			);
			path = SportsAppTests;
			sourceTree = "<group>";
		};
		7D07ADEF2BE1922D004BCC57 /* Network */ = {
			isa = PBXGroup;
			children = (
				7D07ADF02BE19254004BCC57 /* MockNetworkServices.swift */,
			);
			path = Network;
			sourceTree = "<group>";
		};
		7D5D2C502BDA638D0068E0A6 /* Remote */ = {
			isa = PBXGroup;
			children = (
				7D5D2C512BDA63A30068E0A6 /* APIService.swift */,
			);
			path = Remote;
			sourceTree = "<group>";
		};
		7DAF35A32BD7F765007E18C1 = {
			isa = PBXGroup;
			children = (
				7DAF35AE2BD7F765007E18C1 /* SportsApp */,
				7D07ADE12BE1262B004BCC57 /* SportsAppTests */,
				7DAF35AD2BD7F765007E18C1 /* Products */,
				0786B0D88ACC70FB63425067 /* Pods */,
				FB65BF02954A7D62EAE6A8D4 /* Frameworks */,
			);
			sourceTree = "<group>";
		};
		7DAF35AD2BD7F765007E18C1 /* Products */ = {
			isa = PBXGroup;
			children = (
				7DAF35AC2BD7F765007E18C1 /* SportsApp.app */,
				7D07ADE02BE1262B004BCC57 /* SportsAppTests.xctest */,
			);
			name = Products;
			sourceTree = "<group>";
		};
		7DAF35AE2BD7F765007E18C1 /* SportsApp */ = {
			isa = PBXGroup;
			children = (
				D45229F32BDDB3C90084AE06 /* utilities */,
				D45229F12BDDB2AD0084AE06 /* sports */,
				D45229F02BDDB28F0084AE06 /* ui */,
				D45229E72BDDAAB70084AE06 /* teamdetail */,
				D45229E62BDDAAA70084AE06 /* favorite */,
				D45229E52BDDAA9C0084AE06 /* leaguedetail */,
				D45229E42BDDAA910084AE06 /* league */,
				D42CEC352BDA615200DB64AC /* Model */,
				7DAF35B32BD7F765007E18C1 /* ViewController.swift */,
				7DAF35BB2BD7F767007E18C1 /* Assets.xcassets */,
				7DAF35C02BD7F767007E18C1 /* Info.plist */,
				7DAF35B82BD7F765007E18C1 /* SportsApp.xcdatamodeld */,
			);
			path = SportsApp;
			sourceTree = "<group>";
		};
		7DD98D9A2BDE882C0019611C /* Presenter */ = {
			isa = PBXGroup;
			children = (
				7DD98D9B2BDE88420019611C /* FavoritePresenter.swift */,
			);
			path = Presenter;
			sourceTree = "<group>";
		};
		D42CEC352BDA615200DB64AC /* Model */ = {
			isa = PBXGroup;
			children = (
				D45229F42BDDB9D90084AE06 /* local */,
				D45229E32BDDA7330084AE06 /* datamodel */,
				7D5D2C502BDA638D0068E0A6 /* Remote */,
			);
			path = Model;
			sourceTree = "<group>";
		};
		D45229E32BDDA7330084AE06 /* datamodel */ = {
			isa = PBXGroup;
			children = (
				7DAF601C2BDD247400D6FAD3 /* Team.swift */,
				D42CEC552BDBD86B00DB64AC /* LeagueDetails.swift */,
				7DAF35CE2BD831F5007E18C1 /* League.swift */,
			);
			path = datamodel;
			sourceTree = "<group>";
		};
		D45229E42BDDAA910084AE06 /* league */ = {
			isa = PBXGroup;
			children = (
				D45229EF2BDDAB580084AE06 /* presenter */,
				D45229EE2BDDAB530084AE06 /* view */,
			);
			path = league;
			sourceTree = "<group>";
		};
		D45229E52BDDAA9C0084AE06 /* leaguedetail */ = {
			isa = PBXGroup;
			children = (
				D45229ED2BDDAB490084AE06 /* presenter */,
				D45229EC2BDDAB440084AE06 /* view */,
			);
			path = leaguedetail;
			sourceTree = "<group>";
		};
		D45229E62BDDAAA70084AE06 /* favorite */ = {
			isa = PBXGroup;
			children = (
				7DD98D9A2BDE882C0019611C /* Presenter */,
				D45229EA2BDDAB300084AE06 /* view */,
			);
			path = favorite;
			sourceTree = "<group>";
		};
		D45229E72BDDAAB70084AE06 /* teamdetail */ = {
			isa = PBXGroup;
			children = (
				D45229E92BDDAB1E0084AE06 /* presenter */,
				D45229E82BDDAB080084AE06 /* view */,
			);
			path = teamdetail;
			sourceTree = "<group>";
		};
		D45229E82BDDAB080084AE06 /* view */ = {
			isa = PBXGroup;
			children = (
				7DAF60202BDD513200D6FAD3 /* TeamDetailsViewController.swift */,
				7DAF601E2BDD2B3C00D6FAD3 /* TeamsTableViewController.swift */,
				7DAF601A2BDD241C00D6FAD3 /* TeamDetailsView.swift */,
			);
			path = view;
			sourceTree = "<group>";
		};
		D45229E92BDDAB1E0084AE06 /* presenter */ = {
			isa = PBXGroup;
			children = (
				7DAF60182BDD23FF00D6FAD3 /* TeamDetailsPresenter.swift */,
			);
			path = presenter;
			sourceTree = "<group>";
		};
		D45229EA2BDDAB300084AE06 /* view */ = {
			isa = PBXGroup;
			children = (
				7D848A912BD858BF006BF588 /* FavoriteTableViewController.swift */,
				7DD98D9D2BDE88A80019611C /* FavoriteViewProtocol.swift */,
			);
			path = view;
			sourceTree = "<group>";
		};
		D45229EC2BDDAB440084AE06 /* view */ = {
			isa = PBXGroup;
			children = (
				7D50D4762BDBB1D30098ACC3 /* LeagueDetailsCollectionViewCell.xib */,
				7D50D4752BDBB1D30098ACC3 /* LeagueDetailsCollectionViewCell.swift */,
				7D50D4732BDBB19A0098ACC3 /* LeagueDetailsCollectionViewController.swift */,
				D42CEC582BDBF42A00DB64AC /* LeagueDetailView.swift */,
				D47FEE4A2BE155BB0053955C /* SectionHeader.swift */,
			);
			path = view;
			sourceTree = "<group>";
		};
		D45229ED2BDDAB490084AE06 /* presenter */ = {
			isa = PBXGroup;
			children = (
				D42CEC5A2BDBF43700DB64AC /* LeagueDetailPresenter.swift */,
			);
			path = presenter;
			sourceTree = "<group>";
		};
		D45229EE2BDDAB530084AE06 /* view */ = {
			isa = PBXGroup;
			children = (
				7DAF35CC2BD81F55007E18C1 /* LeaguesTableViewController.swift */,
				7D5D2C542BDA659E0068E0A6 /* LeagueView.swift */,
			);
			path = view;
			sourceTree = "<group>";
		};
		D45229EF2BDDAB580084AE06 /* presenter */ = {
			isa = PBXGroup;
			children = (
				7D5D2C562BDA65CC0068E0A6 /* LeaguePresenter.swift */,
			);
			path = presenter;
			sourceTree = "<group>";
		};
		D45229F02BDDB28F0084AE06 /* ui */ = {
			isa = PBXGroup;
			children = (
				7DAF35BD2BD7F767007E18C1 /* LaunchScreen.storyboard */,
				7DAF35B52BD7F765007E18C1 /* Main.storyboard */,
			);
			path = ui;
			sourceTree = "<group>";
		};
		D45229F12BDDB2AD0084AE06 /* sports */ = {
			isa = PBXGroup;
			children = (
				D45229F22BDDB2B60084AE06 /* view */,
			);
			path = sports;
			sourceTree = "<group>";
		};
		D45229F22BDDB2B60084AE06 /* view */ = {
			isa = PBXGroup;
			children = (
				7DAF35C82BD7FDC2007E18C1 /* SportsViewController.swift */,
				7DAF35C62BD7FCFA007E18C1 /* SportsCollectionViewCell.swift */,
			);
			path = view;
			sourceTree = "<group>";
		};
		D45229F32BDDB3C90084AE06 /* utilities */ = {
			isa = PBXGroup;
			children = (
				7DAF35B12BD7F765007E18C1 /* SceneDelegate.swift */,
				7DAF35AF2BD7F765007E18C1 /* AppDelegate.swift */,
			);
			path = utilities;
			sourceTree = "<group>";
		};
		D45229F42BDDB9D90084AE06 /* local */ = {
			isa = PBXGroup;
			children = (
				D4EC3D402BD92CB300C9331B /* FavoriteCoreData.swift */,
			);
			path = local;
			sourceTree = "<group>";
		};
		FB65BF02954A7D62EAE6A8D4 /* Frameworks */ = {
			isa = PBXGroup;
			children = (
				A0A0879C3DF7192FDE86FBCA /* Pods_SportsApp.framework */,
			);
			name = Frameworks;
			sourceTree = "<group>";
		};
/* End PBXGroup section */

/* Begin PBXNativeTarget section */
		7D07ADDF2BE1262B004BCC57 /* SportsAppTests */ = {
			isa = PBXNativeTarget;
			buildConfigurationList = 7D07ADE82BE1262B004BCC57 /* Build configuration list for PBXNativeTarget "SportsAppTests" */;
			buildPhases = (
				7D07ADDC2BE1262B004BCC57 /* Sources */,
				7D07ADDD2BE1262B004BCC57 /* Frameworks */,
				7D07ADDE2BE1262B004BCC57 /* Resources */,
			);
			buildRules = (
			);
			dependencies = (
				7D07ADE52BE1262B004BCC57 /* PBXTargetDependency */,
			);
			name = SportsAppTests;
			productName = SportsAppTests;
			productReference = 7D07ADE02BE1262B004BCC57 /* SportsAppTests.xctest */;
			productType = "com.apple.product-type.bundle.unit-test";
		};
		7DAF35AB2BD7F765007E18C1 /* SportsApp */ = {
			isa = PBXNativeTarget;
			buildConfigurationList = 7DAF35C32BD7F767007E18C1 /* Build configuration list for PBXNativeTarget "SportsApp" */;
			buildPhases = (
				48D8DF2E6887E9D784355EEC /* [CP] Check Pods Manifest.lock */,
				7DAF35A82BD7F765007E18C1 /* Sources */,
				7DAF35A92BD7F765007E18C1 /* Frameworks */,
				7DAF35AA2BD7F765007E18C1 /* Resources */,
				AB77578C796A5A16BD01A995 /* [CP] Embed Pods Frameworks */,
			);
			buildRules = (
			);
			dependencies = (
			);
			name = SportsApp;
			productName = SportsApp;
			productReference = 7DAF35AC2BD7F765007E18C1 /* SportsApp.app */;
			productType = "com.apple.product-type.application";
		};
/* End PBXNativeTarget section */

/* Begin PBXProject section */
		7DAF35A42BD7F765007E18C1 /* Project object */ = {
			isa = PBXProject;
			attributes = {
				BuildIndependentTargetsInParallel = 1;
				LastSwiftUpdateCheck = 1420;
				LastUpgradeCheck = 1420;
				TargetAttributes = {
					7D07ADDF2BE1262B004BCC57 = {
						CreatedOnToolsVersion = 14.2;
						TestTargetID = 7DAF35AB2BD7F765007E18C1;
					};
					7DAF35AB2BD7F765007E18C1 = {
						CreatedOnToolsVersion = 14.2;
					};
				};
			};
			buildConfigurationList = 7DAF35A72BD7F765007E18C1 /* Build configuration list for PBXProject "SportsApp" */;
			compatibilityVersion = "Xcode 14.0";
			developmentRegion = en;
			hasScannedForEncodings = 0;
			knownRegions = (
				en,
				Base,
			);
			mainGroup = 7DAF35A32BD7F765007E18C1;
			productRefGroup = 7DAF35AD2BD7F765007E18C1 /* Products */;
			projectDirPath = "";
			projectRoot = "";
			targets = (
				7DAF35AB2BD7F765007E18C1 /* SportsApp */,
				7D07ADDF2BE1262B004BCC57 /* SportsAppTests */,
			);
		};
/* End PBXProject section */

/* Begin PBXResourcesBuildPhase section */
		7D07ADDE2BE1262B004BCC57 /* Resources */ = {
			isa = PBXResourcesBuildPhase;
			buildActionMask = 2147483647;
			files = (
			);
			runOnlyForDeploymentPostprocessing = 0;
		};
		7DAF35AA2BD7F765007E18C1 /* Resources */ = {
			isa = PBXResourcesBuildPhase;
			buildActionMask = 2147483647;
			files = (
				7D50D4782BDBB1D30098ACC3 /* LeagueDetailsCollectionViewCell.xib in Resources */,
				7DAF35BF2BD7F767007E18C1 /* LaunchScreen.storyboard in Resources */,
				7DAF35BC2BD7F767007E18C1 /* Assets.xcassets in Resources */,
				7DAF35B72BD7F765007E18C1 /* Main.storyboard in Resources */,
			);
			runOnlyForDeploymentPostprocessing = 0;
		};
/* End PBXResourcesBuildPhase section */

/* Begin PBXShellScriptBuildPhase section */
		48D8DF2E6887E9D784355EEC /* [CP] Check Pods Manifest.lock */ = {
			isa = PBXShellScriptBuildPhase;
			buildActionMask = 2147483647;
			files = (
			);
			inputFileListPaths = (
			);
			inputPaths = (
				"${PODS_PODFILE_DIR_PATH}/Podfile.lock",
				"${PODS_ROOT}/Manifest.lock",
			);
			name = "[CP] Check Pods Manifest.lock";
			outputFileListPaths = (
			);
			outputPaths = (
				"$(DERIVED_FILE_DIR)/Pods-SportsApp-checkManifestLockResult.txt",
			);
			runOnlyForDeploymentPostprocessing = 0;
			shellPath = /bin/sh;
			shellScript = "diff \"${PODS_PODFILE_DIR_PATH}/Podfile.lock\" \"${PODS_ROOT}/Manifest.lock\" > /dev/null\nif [ $? != 0 ] ; then\n    # print error to STDERR\n    echo \"error: The sandbox is not in sync with the Podfile.lock. Run 'pod install' or update your CocoaPods installation.\" >&2\n    exit 1\nfi\n# This output is used by Xcode 'outputs' to avoid re-running this script phase.\necho \"SUCCESS\" > \"${SCRIPT_OUTPUT_FILE_0}\"\n";
			showEnvVarsInLog = 0;
		};
		AB77578C796A5A16BD01A995 /* [CP] Embed Pods Frameworks */ = {
			isa = PBXShellScriptBuildPhase;
			buildActionMask = 2147483647;
			files = (
			);
			inputFileListPaths = (
				"${PODS_ROOT}/Target Support Files/Pods-SportsApp/Pods-SportsApp-frameworks-${CONFIGURATION}-input-files.xcfilelist",
			);
			name = "[CP] Embed Pods Frameworks";
			outputFileListPaths = (
				"${PODS_ROOT}/Target Support Files/Pods-SportsApp/Pods-SportsApp-frameworks-${CONFIGURATION}-output-files.xcfilelist",
			);
			runOnlyForDeploymentPostprocessing = 0;
			shellPath = /bin/sh;
			shellScript = "\"${PODS_ROOT}/Target Support Files/Pods-SportsApp/Pods-SportsApp-frameworks.sh\"\n";
			showEnvVarsInLog = 0;
		};
/* End PBXShellScriptBuildPhase section */

/* Begin PBXSourcesBuildPhase section */
		7D07ADDC2BE1262B004BCC57 /* Sources */ = {
			isa = PBXSourcesBuildPhase;
			buildActionMask = 2147483647;
			files = (
				7D07ADF32BE193EA004BCC57 /* MockNetworkServicesTest.swift in Sources */,
				7D07ADF12BE19254004BCC57 /* MockNetworkServices.swift in Sources */,
				7D07ADEE2BE18367004BCC57 /* APIServiceTest.swift in Sources */,
				7D07ADE32BE1262B004BCC57 /* SportsAppTests.swift in Sources */,
			);
			runOnlyForDeploymentPostprocessing = 0;
		};
		7DAF35A82BD7F765007E18C1 /* Sources */ = {
			isa = PBXSourcesBuildPhase;
			buildActionMask = 2147483647;
			files = (
				7D50D4772BDBB1D30098ACC3 /* LeagueDetailsCollectionViewCell.swift in Sources */,
				7DAF35C72BD7FCFA007E18C1 /* SportsCollectionViewCell.swift in Sources */,
				7DAF60192BDD23FF00D6FAD3 /* TeamDetailsPresenter.swift in Sources */,
				D42CEC562BDBD86B00DB64AC /* LeagueDetails.swift in Sources */,
				D42CEC5B2BDBF43700DB64AC /* LeagueDetailPresenter.swift in Sources */,
				7D50D4742BDBB19A0098ACC3 /* LeagueDetailsCollectionViewController.swift in Sources */,
				D42CEC592BDBF42A00DB64AC /* LeagueDetailView.swift in Sources */,
				7DAF35B42BD7F765007E18C1 /* ViewController.swift in Sources */,
				7DAF601D2BDD247400D6FAD3 /* Team.swift in Sources */,
				7D848A922BD858BF006BF588 /* FavoriteTableViewController.swift in Sources */,
				7DAF35CF2BD831F5007E18C1 /* League.swift in Sources */,
				7DAF35B02BD7F765007E18C1 /* AppDelegate.swift in Sources */,
				D47FEE4B2BE155BB0053955C /* SectionHeader.swift in Sources */,
				D4EC3D412BD92CB300C9331B /* FavoriteCoreData.swift in Sources */,
				7DD98D9E2BDE88A80019611C /* FavoriteViewProtocol.swift in Sources */,
				7DAF35C92BD7FDC2007E18C1 /* SportsViewController.swift in Sources */,
				7DAF35BA2BD7F765007E18C1 /* SportsApp.xcdatamodeld in Sources */,
				7DAF601B2BDD241C00D6FAD3 /* TeamDetailsView.swift in Sources */,
				7D5D2C572BDA65CC0068E0A6 /* LeaguePresenter.swift in Sources */,
				7DAF35B22BD7F765007E18C1 /* SceneDelegate.swift in Sources */,
				7D5D2C552BDA659E0068E0A6 /* LeagueView.swift in Sources */,
				7D5D2C522BDA63A30068E0A6 /* APIService.swift in Sources */,
				7DD98D9C2BDE88420019611C /* FavoritePresenter.swift in Sources */,
				7DAF601F2BDD2B3C00D6FAD3 /* TeamsTableViewController.swift in Sources */,
				7DAF60212BDD513200D6FAD3 /* TeamDetailsViewController.swift in Sources */,
				7DAF35CD2BD81F55007E18C1 /* LeaguesTableViewController.swift in Sources */,
			);
			runOnlyForDeploymentPostprocessing = 0;
		};
/* End PBXSourcesBuildPhase section */

/* Begin PBXTargetDependency section */
		7D07ADE52BE1262B004BCC57 /* PBXTargetDependency */ = {
			isa = PBXTargetDependency;
			target = 7DAF35AB2BD7F765007E18C1 /* SportsApp */;
			targetProxy = 7D07ADE42BE1262B004BCC57 /* PBXContainerItemProxy */;
		};
/* End PBXTargetDependency section */

/* Begin PBXVariantGroup section */
		7DAF35B52BD7F765007E18C1 /* Main.storyboard */ = {
			isa = PBXVariantGroup;
			children = (
				7DAF35B62BD7F765007E18C1 /* Base */,
			);
			name = Main.storyboard;
			sourceTree = "<group>";
		};
		7DAF35BD2BD7F767007E18C1 /* LaunchScreen.storyboard */ = {
			isa = PBXVariantGroup;
			children = (
				7DAF35BE2BD7F767007E18C1 /* Base */,
			);
			name = LaunchScreen.storyboard;
			sourceTree = "<group>";
		};
/* End PBXVariantGroup section */

/* Begin XCBuildConfiguration section */
		7D07ADE62BE1262B004BCC57 /* Debug */ = {
			isa = XCBuildConfiguration;
			buildSettings = {
				BUNDLE_LOADER = "$(TEST_HOST)";
				CODE_SIGN_STYLE = Automatic;
				CURRENT_PROJECT_VERSION = 1;
				GENERATE_INFOPLIST_FILE = YES;
				MARKETING_VERSION = 1.0;
				PRODUCT_BUNDLE_IDENTIFIER = com.iti.SportsAppTests;
				PRODUCT_NAME = "$(TARGET_NAME)";
				SWIFT_EMIT_LOC_STRINGS = NO;
				SWIFT_VERSION = 5.0;
				TARGETED_DEVICE_FAMILY = "1,2";
				TEST_HOST = "$(BUILT_PRODUCTS_DIR)/SportsApp.app/$(BUNDLE_EXECUTABLE_FOLDER_PATH)/SportsApp";
			};
			name = Debug;
		};
		7D07ADE72BE1262B004BCC57 /* Release */ = {
			isa = XCBuildConfiguration;
			buildSettings = {
				BUNDLE_LOADER = "$(TEST_HOST)";
				CODE_SIGN_STYLE = Automatic;
				CURRENT_PROJECT_VERSION = 1;
				GENERATE_INFOPLIST_FILE = YES;
				MARKETING_VERSION = 1.0;
				PRODUCT_BUNDLE_IDENTIFIER = com.iti.SportsAppTests;
				PRODUCT_NAME = "$(TARGET_NAME)";
				SWIFT_EMIT_LOC_STRINGS = NO;
				SWIFT_VERSION = 5.0;
				TARGETED_DEVICE_FAMILY = "1,2";
				TEST_HOST = "$(BUILT_PRODUCTS_DIR)/SportsApp.app/$(BUNDLE_EXECUTABLE_FOLDER_PATH)/SportsApp";
			};
			name = Release;
		};
		7DAF35C12BD7F767007E18C1 /* Debug */ = {
			isa = XCBuildConfiguration;
			buildSettings = {
				ALWAYS_SEARCH_USER_PATHS = NO;
				CLANG_ANALYZER_NONNULL = YES;
				CLANG_ANALYZER_NUMBER_OBJECT_CONVERSION = YES_AGGRESSIVE;
				CLANG_CXX_LANGUAGE_STANDARD = "gnu++20";
				CLANG_ENABLE_MODULES = YES;
				CLANG_ENABLE_OBJC_ARC = YES;
				CLANG_ENABLE_OBJC_WEAK = YES;
				CLANG_WARN_BLOCK_CAPTURE_AUTORELEASING = YES;
				CLANG_WARN_BOOL_CONVERSION = YES;
				CLANG_WARN_COMMA = YES;
				CLANG_WARN_CONSTANT_CONVERSION = YES;
				CLANG_WARN_DEPRECATED_OBJC_IMPLEMENTATIONS = YES;
				CLANG_WARN_DIRECT_OBJC_ISA_USAGE = YES_ERROR;
				CLANG_WARN_DOCUMENTATION_COMMENTS = YES;
				CLANG_WARN_EMPTY_BODY = YES;
				CLANG_WARN_ENUM_CONVERSION = YES;
				CLANG_WARN_INFINITE_RECURSION = YES;
				CLANG_WARN_INT_CONVERSION = YES;
				CLANG_WARN_NON_LITERAL_NULL_CONVERSION = YES;
				CLANG_WARN_OBJC_IMPLICIT_RETAIN_SELF = YES;
				CLANG_WARN_OBJC_LITERAL_CONVERSION = YES;
				CLANG_WARN_OBJC_ROOT_CLASS = YES_ERROR;
				CLANG_WARN_QUOTED_INCLUDE_IN_FRAMEWORK_HEADER = YES;
				CLANG_WARN_RANGE_LOOP_ANALYSIS = YES;
				CLANG_WARN_STRICT_PROTOTYPES = YES;
				CLANG_WARN_SUSPICIOUS_MOVE = YES;
				CLANG_WARN_UNGUARDED_AVAILABILITY = YES_AGGRESSIVE;
				CLANG_WARN_UNREACHABLE_CODE = YES;
				CLANG_WARN__DUPLICATE_METHOD_MATCH = YES;
				COPY_PHASE_STRIP = NO;
				DEBUG_INFORMATION_FORMAT = dwarf;
				ENABLE_STRICT_OBJC_MSGSEND = YES;
				ENABLE_TESTABILITY = YES;
				GCC_C_LANGUAGE_STANDARD = gnu11;
				GCC_DYNAMIC_NO_PIC = NO;
				GCC_NO_COMMON_BLOCKS = YES;
				GCC_OPTIMIZATION_LEVEL = 0;
				GCC_PREPROCESSOR_DEFINITIONS = (
					"DEBUG=1",
					"$(inherited)",
				);
				GCC_WARN_64_TO_32_BIT_CONVERSION = YES;
				GCC_WARN_ABOUT_RETURN_TYPE = YES_ERROR;
				GCC_WARN_UNDECLARED_SELECTOR = YES;
				GCC_WARN_UNINITIALIZED_AUTOS = YES_AGGRESSIVE;
				GCC_WARN_UNUSED_FUNCTION = YES;
				GCC_WARN_UNUSED_VARIABLE = YES;
				IPHONEOS_DEPLOYMENT_TARGET = 16.2;
				MTL_ENABLE_DEBUG_INFO = INCLUDE_SOURCE;
				MTL_FAST_MATH = YES;
				ONLY_ACTIVE_ARCH = YES;
				SDKROOT = iphoneos;
				SWIFT_ACTIVE_COMPILATION_CONDITIONS = DEBUG;
				SWIFT_OPTIMIZATION_LEVEL = "-Onone";
			};
			name = Debug;
		};
		7DAF35C22BD7F767007E18C1 /* Release */ = {
			isa = XCBuildConfiguration;
			buildSettings = {
				ALWAYS_SEARCH_USER_PATHS = NO;
				CLANG_ANALYZER_NONNULL = YES;
				CLANG_ANALYZER_NUMBER_OBJECT_CONVERSION = YES_AGGRESSIVE;
				CLANG_CXX_LANGUAGE_STANDARD = "gnu++20";
				CLANG_ENABLE_MODULES = YES;
				CLANG_ENABLE_OBJC_ARC = YES;
				CLANG_ENABLE_OBJC_WEAK = YES;
				CLANG_WARN_BLOCK_CAPTURE_AUTORELEASING = YES;
				CLANG_WARN_BOOL_CONVERSION = YES;
				CLANG_WARN_COMMA = YES;
				CLANG_WARN_CONSTANT_CONVERSION = YES;
				CLANG_WARN_DEPRECATED_OBJC_IMPLEMENTATIONS = YES;
				CLANG_WARN_DIRECT_OBJC_ISA_USAGE = YES_ERROR;
				CLANG_WARN_DOCUMENTATION_COMMENTS = YES;
				CLANG_WARN_EMPTY_BODY = YES;
				CLANG_WARN_ENUM_CONVERSION = YES;
				CLANG_WARN_INFINITE_RECURSION = YES;
				CLANG_WARN_INT_CONVERSION = YES;
				CLANG_WARN_NON_LITERAL_NULL_CONVERSION = YES;
				CLANG_WARN_OBJC_IMPLICIT_RETAIN_SELF = YES;
				CLANG_WARN_OBJC_LITERAL_CONVERSION = YES;
				CLANG_WARN_OBJC_ROOT_CLASS = YES_ERROR;
				CLANG_WARN_QUOTED_INCLUDE_IN_FRAMEWORK_HEADER = YES;
				CLANG_WARN_RANGE_LOOP_ANALYSIS = YES;
				CLANG_WARN_STRICT_PROTOTYPES = YES;
				CLANG_WARN_SUSPICIOUS_MOVE = YES;
				CLANG_WARN_UNGUARDED_AVAILABILITY = YES_AGGRESSIVE;
				CLANG_WARN_UNREACHABLE_CODE = YES;
				CLANG_WARN__DUPLICATE_METHOD_MATCH = YES;
				COPY_PHASE_STRIP = NO;
				DEBUG_INFORMATION_FORMAT = "dwarf-with-dsym";
				ENABLE_NS_ASSERTIONS = NO;
				ENABLE_STRICT_OBJC_MSGSEND = YES;
				GCC_C_LANGUAGE_STANDARD = gnu11;
				GCC_NO_COMMON_BLOCKS = YES;
				GCC_WARN_64_TO_32_BIT_CONVERSION = YES;
				GCC_WARN_ABOUT_RETURN_TYPE = YES_ERROR;
				GCC_WARN_UNDECLARED_SELECTOR = YES;
				GCC_WARN_UNINITIALIZED_AUTOS = YES_AGGRESSIVE;
				GCC_WARN_UNUSED_FUNCTION = YES;
				GCC_WARN_UNUSED_VARIABLE = YES;
				IPHONEOS_DEPLOYMENT_TARGET = 16.2;
				MTL_ENABLE_DEBUG_INFO = NO;
				MTL_FAST_MATH = YES;
				SDKROOT = iphoneos;
				SWIFT_COMPILATION_MODE = wholemodule;
				SWIFT_OPTIMIZATION_LEVEL = "-O";
				VALIDATE_PRODUCT = YES;
			};
			name = Release;
		};
		7DAF35C42BD7F767007E18C1 /* Debug */ = {
			isa = XCBuildConfiguration;
			baseConfigurationReference = 8645BB3EC9E2E6690EEB6B75 /* Pods-SportsApp.debug.xcconfig */;
			buildSettings = {
				ASSETCATALOG_COMPILER_APPICON_NAME = AppIcon;
				ASSETCATALOG_COMPILER_GLOBAL_ACCENT_COLOR_NAME = AccentColor;
				CODE_SIGN_STYLE = Automatic;
				CURRENT_PROJECT_VERSION = 1;
				GENERATE_INFOPLIST_FILE = YES;
				INFOPLIST_FILE = SportsApp/Info.plist;
				INFOPLIST_KEY_UIApplicationSupportsIndirectInputEvents = YES;
				INFOPLIST_KEY_UILaunchStoryboardName = LaunchScreen;
				INFOPLIST_KEY_UIMainStoryboardFile = Main;
				INFOPLIST_KEY_UISupportedInterfaceOrientations_iPad = "UIInterfaceOrientationPortrait UIInterfaceOrientationPortraitUpsideDown UIInterfaceOrientationLandscapeLeft UIInterfaceOrientationLandscapeRight";
				INFOPLIST_KEY_UISupportedInterfaceOrientations_iPhone = "UIInterfaceOrientationPortrait UIInterfaceOrientationLandscapeLeft UIInterfaceOrientationLandscapeRight";
				IPHONEOS_DEPLOYMENT_TARGET = 16.2;
				LD_RUNPATH_SEARCH_PATHS = (
					"$(inherited)",
					"@executable_path/Frameworks",
				);
				MARKETING_VERSION = 1.0;
				PRODUCT_BUNDLE_IDENTIFIER = com.iti.SportsApp;
				PRODUCT_NAME = "$(TARGET_NAME)";
				SWIFT_EMIT_LOC_STRINGS = YES;
				SWIFT_VERSION = 5.0;
				TARGETED_DEVICE_FAMILY = "1,2";
			};
			name = Debug;
		};
		7DAF35C52BD7F767007E18C1 /* Release */ = {
			isa = XCBuildConfiguration;
			baseConfigurationReference = 0A4A23199319494A494B34DF /* Pods-SportsApp.release.xcconfig */;
			buildSettings = {
				ASSETCATALOG_COMPILER_APPICON_NAME = AppIcon;
				ASSETCATALOG_COMPILER_GLOBAL_ACCENT_COLOR_NAME = AccentColor;
				CODE_SIGN_STYLE = Automatic;
				CURRENT_PROJECT_VERSION = 1;
				GENERATE_INFOPLIST_FILE = YES;
				INFOPLIST_FILE = SportsApp/Info.plist;
				INFOPLIST_KEY_UIApplicationSupportsIndirectInputEvents = YES;
				INFOPLIST_KEY_UILaunchStoryboardName = LaunchScreen;
				INFOPLIST_KEY_UIMainStoryboardFile = Main;
				INFOPLIST_KEY_UISupportedInterfaceOrientations_iPad = "UIInterfaceOrientationPortrait UIInterfaceOrientationPortraitUpsideDown UIInterfaceOrientationLandscapeLeft UIInterfaceOrientationLandscapeRight";
				INFOPLIST_KEY_UISupportedInterfaceOrientations_iPhone = "UIInterfaceOrientationPortrait UIInterfaceOrientationLandscapeLeft UIInterfaceOrientationLandscapeRight";
				IPHONEOS_DEPLOYMENT_TARGET = 16.2;
				LD_RUNPATH_SEARCH_PATHS = (
					"$(inherited)",
					"@executable_path/Frameworks",
				);
				MARKETING_VERSION = 1.0;
				PRODUCT_BUNDLE_IDENTIFIER = com.iti.SportsApp;
				PRODUCT_NAME = "$(TARGET_NAME)";
				SWIFT_EMIT_LOC_STRINGS = YES;
				SWIFT_VERSION = 5.0;
				TARGETED_DEVICE_FAMILY = "1,2";
			};
			name = Release;
		};
/* End XCBuildConfiguration section */

/* Begin XCConfigurationList section */
		7D07ADE82BE1262B004BCC57 /* Build configuration list for PBXNativeTarget "SportsAppTests" */ = {
			isa = XCConfigurationList;
			buildConfigurations = (
				7D07ADE62BE1262B004BCC57 /* Debug */,
				7D07ADE72BE1262B004BCC57 /* Release */,
			);
			defaultConfigurationIsVisible = 0;
			defaultConfigurationName = Release;
		};
		7DAF35A72BD7F765007E18C1 /* Build configuration list for PBXProject "SportsApp" */ = {
			isa = XCConfigurationList;
			buildConfigurations = (
				7DAF35C12BD7F767007E18C1 /* Debug */,
				7DAF35C22BD7F767007E18C1 /* Release */,
			);
			defaultConfigurationIsVisible = 0;
			defaultConfigurationName = Release;
		};
		7DAF35C32BD7F767007E18C1 /* Build configuration list for PBXNativeTarget "SportsApp" */ = {
			isa = XCConfigurationList;
			buildConfigurations = (
				7DAF35C42BD7F767007E18C1 /* Debug */,
				7DAF35C52BD7F767007E18C1 /* Release */,
			);
			defaultConfigurationIsVisible = 0;
			defaultConfigurationName = Release;
		};
/* End XCConfigurationList section */

/* Begin XCVersionGroup section */
		7DAF35B82BD7F765007E18C1 /* SportsApp.xcdatamodeld */ = {
			isa = XCVersionGroup;
			children = (
				7DAF35B92BD7F765007E18C1 /* SportsApp.xcdatamodel */,
			);
			currentVersion = 7DAF35B92BD7F765007E18C1 /* SportsApp.xcdatamodel */;
			path = SportsApp.xcdatamodeld;
			sourceTree = "<group>";
			versionGroupType = wrapper.xcdatamodel;
		};
/* End XCVersionGroup section */
	};
	rootObject = 7DAF35A42BD7F765007E18C1 /* Project object */;
}
